
Microsoft Visual Studio Solution File, Format Version 12.00
# Visual Studio Version 17
VisualStudioVersion = 17.5.002.0
MinimumVisualStudioVersion = 10.0.40219.1
Project("{9A19103F-16F7-4668-BE54-9A1E7A4F7556}") = "Bulk-File-Manager", "Bulk-File-Manager.csproj", "{A31BF4D2-3C0A-45E3-AB41-8B5D28D88C3C}"
EndProject
Global
	GlobalSection(SolutionConfigurationPlatforms) = preSolution
		Debug|Any CPU = Debug|Any CPU
		Release|Any CPU = Release|Any CPU
	EndGlobalSection
	GlobalSection(ProjectConfigurationPlatforms) = postSolution
		{A31BF4D2-3C0A-45E3-AB41-8B5D28D88C3C}.Debug|Any CPU.ActiveCfg = Debug|Any CPU
		{A31BF4D2-3C0A-45E3-AB41-8B5D28D88C3C}.Debug|Any CPU.Build.0 = Debug|Any CPU
		{A31BF4D2-3C0A-45E3-AB41-8B5D28D88C3C}.Release|Any CPU.ActiveCfg = Release|Any CPU
		{A31BF4D2-3C0A-45E3-AB41-8B5D28D88C3C}.Release|Any CPU.Build.0 = Release|Any CPU
	EndGlobalSection
	GlobalSection(SolutionProperties) = preSolution
		HideSolutionNode = FALSE
	EndGlobalSection
	GlobalSection(ExtensibilityGlobals) = postSolution
		SolutionGuid = {6AB9F106-8B0A-4BBB-B7A2-6C2857B22CD6}
	EndGlobalSection
EndGlobal
